
Microsoft Visual Studio Solution File, Format Version 12.00
# Visual Studio Version 16
VisualStudioVersion = 16.0.31105.61
MinimumVisualStudioVersion = 10.0.40219.1
Project("{FAE04EC0-301F-11D3-BF4B-00C04F79EFBC}") = "Test2021Android", "Test2021\Test2021Android.csproj", "{118832AD-F6E5-4A77-9AD2-BA0D9984AE0B}"
EndProject
Project("{9A19103F-16F7-4668-BE54-9A1E7A4F7556}") = "Test2021Library", "Test2021Library\Test2021Library.csproj", "{5D50A568-5075-436A-92BC-51A8BD1CB1B2}"
EndProject
Global
	GlobalSection(SolutionConfigurationPlatforms) = preSolution
		Debug|Any CPU = Debug|Any CPU
		Release|Any CPU = Release|Any CPU
	EndGlobalSection
	GlobalSection(ProjectConfigurationPlatforms) = postSolution
		{118832AD-F6E5-4A77-9AD2-BA0D9984AE0B}.Debug|Any CPU.ActiveCfg = Debug|Any CPU
		{118832AD-F6E5-4A77-9AD2-BA0D9984AE0B}.Debug|Any CPU.Build.0 = Debug|Any CPU
		{118832AD-F6E5-4A77-9AD2-BA0D9984AE0B}.Debug|Any CPU.Deploy.0 = Debug|Any CPU
		{118832AD-F6E5-4A77-9AD2-BA0D9984AE0B}.Release|Any CPU.ActiveCfg = Release|Any CPU
		{118832AD-F6E5-4A77-9AD2-BA0D9984AE0B}.Release|Any CPU.Build.0 = Release|Any CPU
		{118832AD-F6E5-4A77-9AD2-BA0D9984AE0B}.Release|Any CPU.Deploy.0 = Release|Any CPU
		{5D50A568-5075-436A-92BC-51A8BD1CB1B2}.Debug|Any CPU.ActiveCfg = Debug|Any CPU
		{5D50A568-5075-436A-92BC-51A8BD1CB1B2}.Debug|Any CPU.Build.0 = Debug|Any CPU
		{5D50A568-5075-436A-92BC-51A8BD1CB1B2}.Release|Any CPU.ActiveCfg = Release|Any CPU
		{5D50A568-5075-436A-92BC-51A8BD1CB1B2}.Release|Any CPU.Build.0 = Release|Any CPU
	EndGlobalSection
	GlobalSection(SolutionProperties) = preSolution
		HideSolutionNode = FALSE
	EndGlobalSection
	GlobalSection(ExtensibilityGlobals) = postSolution
		SolutionGuid = {EDF5D34B-2F5A-4324-8302-F69B44CE1440}
	EndGlobalSection
EndGlobal
